// !$*UTF8*$!
{
	archiveVersion = 1;
	classes = {
	};
	objectVersion = 48;
	objects = {

/* Begin PBXBuildFile section */
		4A6F025A208D8A3800F6B2ED /* SetCardView.swift in Sources */ = {isa = PBXBuildFile; fileRef = 4A6F0259208D8A3800F6B2ED /* SetCardView.swift */; };
		4A6F025C209003A300F6B2ED /* Grid.swift in Sources */ = {isa = PBXBuildFile; fileRef = 4A6F025B209003A000F6B2ED /* Grid.swift */; };
		4AD5A7FA20803FE90030CE33 /* AppDelegate.swift in Sources */ = {isa = PBXBuildFile; fileRef = 4AD5A7F920803FE90030CE33 /* AppDelegate.swift */; };
		4AD5A7FC20803FE90030CE33 /* ViewController.swift in Sources */ = {isa = PBXBuildFile; fileRef = 4AD5A7FB20803FE90030CE33 /* ViewController.swift */; };
		4AD5A7FF20803FE90030CE33 /* Main.storyboard in Resources */ = {isa = PBXBuildFile; fileRef = 4AD5A7FD20803FE90030CE33 /* Main.storyboard */; };
		4AD5A80120803FE90030CE33 /* Assets.xcassets in Resources */ = {isa = PBXBuildFile; fileRef = 4AD5A80020803FE90030CE33 /* Assets.xcassets */; };
		4AD5A80420803FE90030CE33 /* LaunchScreen.storyboard in Resources */ = {isa = PBXBuildFile; fileRef = 4AD5A80220803FE90030CE33 /* LaunchScreen.storyboard */; };
		4AD5A80D20806A530030CE33 /* SetCard.swift in Sources */ = {isa = PBXBuildFile; fileRef = 4AD5A80C20806A530030CE33 /* SetCard.swift */; };
		4AD5A80F20806F300030CE33 /* SetCardGame.swift in Sources */ = {isa = PBXBuildFile; fileRef = 4AD5A80E20806F300030CE33 /* SetCardGame.swift */; };
		4AD5A81120807E910030CE33 /* SetCardDeck.swift in Sources */ = {isa = PBXBuildFile; fileRef = 4AD5A81020807E910030CE33 /* SetCardDeck.swift */; };
/* End PBXBuildFile section */

/* Begin PBXFileReference section */
		4A6F0259208D8A3800F6B2ED /* SetCardView.swift */ = {isa = PBXFileReference; lastKnownFileType = sourcecode.swift; path = SetCardView.swift; sourceTree = "<group>"; };
		4A6F025B209003A000F6B2ED /* Grid.swift */ = {isa = PBXFileReference; fileEncoding = 4; lastKnownFileType = sourcecode.swift; path = Grid.swift; sourceTree = "<group>"; };
		4AD5A7F620803FE90030CE33 /* SetCardGame.app */ = {isa = PBXFileReference; explicitFileType = wrapper.application; includeInIndex = 0; path = SetCardGame.app; sourceTree = BUILT_PRODUCTS_DIR; };
		4AD5A7F920803FE90030CE33 /* AppDelegate.swift */ = {isa = PBXFileReference; lastKnownFileType = sourcecode.swift; path = AppDelegate.swift; sourceTree = "<group>"; };
		4AD5A7FB20803FE90030CE33 /* ViewController.swift */ = {isa = PBXFileReference; lastKnownFileType = sourcecode.swift; path = ViewController.swift; sourceTree = "<group>"; };
		4AD5A7FE20803FE90030CE33 /* Base */ = {isa = PBXFileReference; lastKnownFileType = file.storyboard; name = Base; path = Base.lproj/Main.storyboard; sourceTree = "<group>"; };
		4AD5A80020803FE90030CE33 /* Assets.xcassets */ = {isa = PBXFileReference; lastKnownFileType = folder.assetcatalog; path = Assets.xcassets; sourceTree = "<group>"; };
		4AD5A80320803FE90030CE33 /* Base */ = {isa = PBXFileReference; lastKnownFileType = file.storyboard; name = Base; path = Base.lproj/LaunchScreen.storyboard; sourceTree = "<group>"; };
		4AD5A80520803FE90030CE33 /* Info.plist */ = {isa = PBXFileReference; lastKnownFileType = text.plist.xml; path = Info.plist; sourceTree = "<group>"; };
		4AD5A80C20806A530030CE33 /* SetCard.swift */ = {isa = PBXFileReference; lastKnownFileType = sourcecode.swift; path = SetCard.swift; sourceTree = "<group>"; };
		4AD5A80E20806F300030CE33 /* SetCardGame.swift */ = {isa = PBXFileReference; lastKnownFileType = sourcecode.swift; path = SetCardGame.swift; sourceTree = "<group>"; };
		4AD5A81020807E910030CE33 /* SetCardDeck.swift */ = {isa = PBXFileReference; lastKnownFileType = sourcecode.swift; path = SetCardDeck.swift; sourceTree = "<group>"; };
/* End PBXFileReference section */

/* Begin PBXFrameworksBuildPhase section */
		4AD5A7F320803FE90030CE33 /* Frameworks */ = {
			isa = PBXFrameworksBuildPhase;
			buildActionMask = 2147483647;
			files = (
			);
			runOnlyForDeploymentPostprocessing = 0;
		};
/* End PBXFrameworksBuildPhase section */

/* Begin PBXGroup section */
		4AD5A7ED20803FE80030CE33 = {
			isa = PBXGroup;
			children = (
				4AD5A7F820803FE90030CE33 /* SetCardGame */,
				4AD5A7F720803FE90030CE33 /* Products */,
			);
			sourceTree = "<group>";
		};
		4AD5A7F720803FE90030CE33 /* Products */ = {
			isa = PBXGroup;
			children = (
				4AD5A7F620803FE90030CE33 /* SetCardGame.app */,
			);
			name = Products;
			sourceTree = "<group>";
		};
		4AD5A7F820803FE90030CE33 /* SetCardGame */ = {
			isa = PBXGroup;
			children = (
				4AD5A7FD20803FE90030CE33 /* Main.storyboard */,
				4AD5A7FB20803FE90030CE33 /* ViewController.swift */,
				4AD5A80E20806F300030CE33 /* SetCardGame.swift */,
				4AD5A81020807E910030CE33 /* SetCardDeck.swift */,
				4AD5A80C20806A530030CE33 /* SetCard.swift */,
				4A6F0259208D8A3800F6B2ED /* SetCardView.swift */,
				4A6F025B209003A000F6B2ED /* Grid.swift */,
				4AD5A80B208040400030CE33 /* Supporting Files */,
				4AD5A80520803FE90030CE33 /* Info.plist */,
			);
			path = SetCardGame;
			sourceTree = "<group>";
		};
		4AD5A80B208040400030CE33 /* Supporting Files */ = {
			isa = PBXGroup;
			children = (
				4AD5A7F920803FE90030CE33 /* AppDelegate.swift */,
				4AD5A80020803FE90030CE33 /* Assets.xcassets */,
				4AD5A80220803FE90030CE33 /* LaunchScreen.storyboard */,
			);
			path = "Supporting Files";
			sourceTree = "<group>";
		};
/* End PBXGroup section */

/* Begin PBXNativeTarget section */
		4AD5A7F520803FE90030CE33 /* SetCardGame */ = {
			isa = PBXNativeTarget;
			buildConfigurationList = 4AD5A80820803FE90030CE33 /* Build configuration list for PBXNativeTarget "SetCardGame" */;
			buildPhases = (
				4AD5A7F220803FE90030CE33 /* Sources */,
				4AD5A7F320803FE90030CE33 /* Frameworks */,
				4AD5A7F420803FE90030CE33 /* Resources */,
			);
			buildRules = (
			);
			dependencies = (
			);
			name = SetCardGame;
			productName = SetCardGame;
			productReference = 4AD5A7F620803FE90030CE33 /* SetCardGame.app */;
			productType = "com.apple.product-type.application";
		};
/* End PBXNativeTarget section */

/* Begin PBXProject section */
		4AD5A7EE20803FE80030CE33 /* Project object */ = {
			isa = PBXProject;
			attributes = {
				LastSwiftUpdateCheck = 0920;
				LastUpgradeCheck = 0930;
				ORGANIZATIONNAME = "Phil Stern";
				TargetAttributes = {
					4AD5A7F520803FE90030CE33 = {
						CreatedOnToolsVersion = 9.2;
						ProvisioningStyle = Automatic;
					};
				};
			};
			buildConfigurationList = 4AD5A7F120803FE90030CE33 /* Build configuration list for PBXProject "SetCardGame" */;
			compatibilityVersion = "Xcode 8.0";
			developmentRegion = en;
			hasScannedForEncodings = 0;
			knownRegions = (
				en,
				Base,
			);
			mainGroup = 4AD5A7ED20803FE80030CE33;
			productRefGroup = 4AD5A7F720803FE90030CE33 /* Products */;
			projectDirPath = "";
			projectRoot = "";
			targets = (
				4AD5A7F520803FE90030CE33 /* SetCardGame */,
			);
		};
/* End PBXProject section */

/* Begin PBXResourcesBuildPhase section */
		4AD5A7F420803FE90030CE33 /* Resources */ = {
			isa = PBXResourcesBuildPhase;
			buildActionMask = 2147483647;
			files = (
				4AD5A80420803FE90030CE33 /* LaunchScreen.storyboard in Resources */,
				4AD5A80120803FE90030CE33 /* Assets.xcassets in Resources */,
				4AD5A7FF20803FE90030CE33 /* Main.storyboard in Resources */,
			);
			runOnlyForDeploymentPostprocessing = 0;
		};
/* End PBXResourcesBuildPhase section */

/* Begin PBXSourcesBuildPhase section */
		4AD5A7F220803FE90030CE33 /* Sources */ = {
			isa = PBXSourcesBuildPhase;
			buildActionMask = 2147483647;
			files = (
				4AD5A81120807E910030CE33 /* SetCardDeck.swift in Sources */,
				4A6F025A208D8A3800F6B2ED /* SetCardView.swift in Sources */,
				4AD5A80F20806F300030CE33 /* SetCardGame.swift in Sources */,
				4AD5A80D20806A530030CE33 /* SetCard.swift in Sources */,
				4AD5A7FC20803FE90030CE33 /* ViewController.swift in Sources */,
				4A6F025C209003A300F6B2ED /* Grid.swift in Sources */,
				4AD5A7FA20803FE90030CE33 /* AppDelegate.swift in Sources */,
			);
			runOnlyForDeploymentPostprocessing = 0;
		};
/* End PBXSourcesBuildPhase section */

/* Begin PBXVariantGroup section */
		4AD5A7FD20803FE90030CE33 /* Main.storyboard */ = {
			isa = PBXVariantGroup;
			children = (
				4AD5A7FE20803FE90030CE33 /* Base */,
			);
			name = Main.storyboard;
			sourceTree = "<group>";
		};
		4AD5A80220803FE90030CE33 /* LaunchScreen.storyboard */ = {
			isa = PBXVariantGroup;
			children = (
				4AD5A80320803FE90030CE33 /* Base */,
			);
			name = LaunchScreen.storyboard;
			sourceTree = "<group>";
		};
/* End PBXVariantGroup section */

/* Begin XCBuildConfiguration section */
		4AD5A80620803FE90030CE33 /* Debug */ = {
			isa = XCBuildConfiguration;
			buildSettings = {
				ALWAYS_SEARCH_USER_PATHS = NO;
				CLANG_ANALYZER_NONNULL = YES;
				CLANG_ANALYZER_NUMBER_OBJECT_CONVERSION = YES_AGGRESSIVE;
				CLANG_CXX_LANGUAGE_STANDARD = "gnu++14";
				CLANG_CXX_LIBRARY = "libc++";
				CLANG_ENABLE_MODULES = YES;
				CLANG_ENABLE_OBJC_ARC = YES;
				CLANG_WARN_BLOCK_CAPTURE_AUTORELEASING = YES;
				CLANG_WARN_BOOL_CONVERSION = YES;
				CLANG_WARN_COMMA = YES;
				CLANG_WARN_CONSTANT_CONVERSION = YES;
				CLANG_WARN_DEPRECATED_OBJC_IMPLEMENTATIONS = YES;
				CLANG_WARN_DIRECT_OBJC_ISA_USAGE = YES_ERROR;
				CLANG_WARN_DOCUMENTATION_COMMENTS = YES;
				CLANG_WARN_EMPTY_BODY = YES;
				CLANG_WARN_ENUM_CONVERSION = YES;
				CLANG_WARN_INFINITE_RECURSION = YES;
				CLANG_WARN_INT_CONVERSION = YES;
				CLANG_WARN_NON_LITERAL_NULL_CONVERSION = YES;
				CLANG_WARN_OBJC_IMPLICIT_RETAIN_SELF = YES;
				CLANG_WARN_OBJC_LITERAL_CONVERSION = YES;
				CLANG_WARN_OBJC_ROOT_CLASS = YES_ERROR;
				CLANG_WARN_RANGE_LOOP_ANALYSIS = YES;
				CLANG_WARN_STRICT_PROTOTYPES = YES;
				CLANG_WARN_SUSPICIOUS_MOVE = YES;
				CLANG_WARN_UNGUARDED_AVAILABILITY = YES_AGGRESSIVE;
				CLANG_WARN_UNREACHABLE_CODE = YES;
				CLANG_WARN__DUPLICATE_METHOD_MATCH = YES;
				CODE_SIGN_IDENTITY = "iPhone Developer";
				COPY_PHASE_STRIP = NO;
				DEBUG_INFORMATION_FORMAT = dwarf;
				ENABLE_STRICT_OBJC_MSGSEND = YES;
				ENABLE_TESTABILITY = YES;
				GCC_C_LANGUAGE_STANDARD = gnu11;
				GCC_DYNAMIC_NO_PIC = NO;
				GCC_NO_COMMON_BLOCKS = YES;
				GCC_OPTIMIZATION_LEVEL = 0;
				GCC_PREPROCESSOR_DEFINITIONS = (
					"DEBUG=1",
					"$(inherited)",
				);
				GCC_WARN_64_TO_32_BIT_CONVERSION = YES;
				GCC_WARN_ABOUT_RETURN_TYPE = YES_ERROR;
				GCC_WARN_UNDECLARED_SELECTOR = YES;
				GCC_WARN_UNINITIALIZED_AUTOS = YES_AGGRESSIVE;
				GCC_WARN_UNUSED_FUNCTION = YES;
				GCC_WARN_UNUSED_VARIABLE = YES;
				IPHONEOS_DEPLOYMENT_TARGET = 11.2;
				MTL_ENABLE_DEBUG_INFO = YES;
				ONLY_ACTIVE_ARCH = YES;
				SDKROOT = iphoneos;
				SWIFT_ACTIVE_COMPILATION_CONDITIONS = DEBUG;
				SWIFT_OPTIMIZATION_LEVEL = "-Onone";
			};
			name = Debug;
		};
		4AD5A80720803FE90030CE33 /* Release */ = {
			isa = XCBuildConfiguration;
			buildSettings = {
				ALWAYS_SEARCH_USER_PATHS = NO;
				CLANG_ANALYZER_NONNULL = YES;
				CLANG_ANALYZER_NUMBER_OBJECT_CONVERSION = YES_AGGRESSIVE;
				CLANG_CXX_LANGUAGE_STANDARD = "gnu++14";
				CLANG_CXX_LIBRARY = "libc++";
				CLANG_ENABLE_MODULES = YES;
				CLANG_ENABLE_OBJC_ARC = YES;
				CLANG_WARN_BLOCK_CAPTURE_AUTORELEASING = YES;
				CLANG_WARN_BOOL_CONVERSION = YES;
				CLANG_WARN_COMMA = YES;
				CLANG_WARN_CONSTANT_CONVERSION = YES;
				CLANG_WARN_DEPRECATED_OBJC_IMPLEMENTATIONS = YES;
				CLANG_WARN_DIRECT_OBJC_ISA_USAGE = YES_ERROR;
				CLANG_WARN_DOCUMENTATION_COMMENTS = YES;
				CLANG_WARN_EMPTY_BODY = YES;
				CLANG_WARN_ENUM_CONVERSION = YES;
				CLANG_WARN_INFINITE_RECURSION = YES;
				CLANG_WARN_INT_CONVERSION = YES;
				CLANG_WARN_NON_LITERAL_NULL_CONVERSION = YES;
				CLANG_WARN_OBJC_IMPLICIT_RETAIN_SELF = YES;
				CLANG_WARN_OBJC_LITERAL_CONVERSION = YES;
				CLANG_WARN_OBJC_ROOT_CLASS = YES_ERROR;
				CLANG_WARN_RANGE_LOOP_ANALYSIS = YES;
				CLANG_WARN_STRICT_PROTOTYPES = YES;
				CLANG_WARN_SUSPICIOUS_MOVE = YES;
				CLANG_WARN_UNGUARDED_AVAILABILITY = YES_AGGRESSIVE;
				CLANG_WARN_UNREACHABLE_CODE = YES;
				CLANG_WARN__DUPLICATE_METHOD_MATCH = YES;
				CODE_SIGN_IDENTITY = "iPhone Developer";
				COPY_PHASE_STRIP = NO;
				DEBUG_INFORMATION_FORMAT = "dwarf-with-dsym";
				ENABLE_NS_ASSERTIONS = NO;
				ENABLE_STRICT_OBJC_MSGSEND = YES;
				GCC_C_LANGUAGE_STANDARD = gnu11;
				GCC_NO_COMMON_BLOCKS = YES;
				GCC_WARN_64_TO_32_BIT_CONVERSION = YES;
				GCC_WARN_ABOUT_RETURN_TYPE = YES_ERROR;
				GCC_WARN_UNDECLARED_SELECTOR = YES;
				GCC_WARN_UNINITIALIZED_AUTOS = YES_AGGRESSIVE;
				GCC_WARN_UNUSED_FUNCTION = YES;
				GCC_WARN_UNUSED_VARIABLE = YES;
				IPHONEOS_DEPLOYMENT_TARGET = 11.2;
				MTL_ENABLE_DEBUG_INFO = NO;
				SDKROOT = iphoneos;
				SWIFT_OPTIMIZATION_LEVEL = "-Owholemodule";
				VALIDATE_PRODUCT = YES;
			};
			name = Release;
		};
		4AD5A80920803FE90030CE33 /* Debug */ = {
			isa = XCBuildConfiguration;
			buildSettings = {
				ASSETCATALOG_COMPILER_APPICON_NAME = AppIcon;
				CODE_SIGN_STYLE = Automatic;
				DEVELOPMENT_TEAM = 65Z9KA7SHC;
				INFOPLIST_FILE = SetCardGame/Info.plist;
				LD_RUNPATH_SEARCH_PATHS = "$(inherited) @executable_path/Frameworks";
				PRODUCT_BUNDLE_IDENTIFIER = com.stern.SetCardGame;
				PRODUCT_NAME = "$(TARGET_NAME)";
				SWIFT_VERSION = 4.0;
				TARGETED_DEVICE_FAMILY = "1,2";
			};
			name = Debug;
		};
		4AD5A80A20803FE90030CE33 /* Release */ = {
			isa = XCBuildConfiguration;
			buildSettings = {
				ASSETCATALOG_COMPILER_APPICON_NAME = AppIcon;
				CODE_SIGN_STYLE = Automatic;
				DEVELOPMENT_TEAM = 65Z9KA7SHC;
				INFOPLIST_FILE = SetCardGame/Info.plist;
				LD_RUNPATH_SEARCH_PATHS = "$(inherited) @executable_path/Frameworks";
				PRODUCT_BUNDLE_IDENTIFIER = com.stern.SetCardGame;
				PRODUCT_NAME = "$(TARGET_NAME)";
				SWIFT_VERSION = 4.0;
				TARGETED_DEVICE_FAMILY = "1,2";
			};
			name = Release;
		};
/* End XCBuildConfiguration section */

/* Begin XCConfigurationList section */
		4AD5A7F120803FE90030CE33 /* Build configuration list for PBXProject "SetCardGame" */ = {
			isa = XCConfigurationList;
			buildConfigurations = (
				4AD5A80620803FE90030CE33 /* Debug */,
				4AD5A80720803FE90030CE33 /* Release */,
			);
			defaultConfigurationIsVisible = 0;
			defaultConfigurationName = Release;
		};
		4AD5A80820803FE90030CE33 /* Build configuration list for PBXNativeTarget "SetCardGame" */ = {
			isa = XCConfigurationList;
			buildConfigurations = (
				4AD5A80920803FE90030CE33 /* Debug */,
				4AD5A80A20803FE90030CE33 /* Release */,
			);
			defaultConfigurationIsVisible = 0;
			defaultConfigurationName = Release;
		};
/* End XCConfigurationList section */
	};
	rootObject = 4AD5A7EE20803FE80030CE33 /* Project object */;
}
